// !$*UTF8*$!
{
	archiveVersion = 1;
	classes = {
	};
	objectVersion = 56;
	objects = {

/* Begin PBXBuildFile section */
		389781092982CA8B0087A883 /* AppDelegate.swift in Sources */ = {isa = PBXBuildFile; fileRef = 389781082982CA8B0087A883 /* AppDelegate.swift */; };
		389781122982CA8C0087A883 /* Assets.xcassets in Resources */ = {isa = PBXBuildFile; fileRef = 389781112982CA8C0087A883 /* Assets.xcassets */; };
		389781152982CA8C0087A883 /* LaunchScreen.storyboard in Resources */ = {isa = PBXBuildFile; fileRef = 389781132982CA8C0087A883 /* LaunchScreen.storyboard */; };
		3897811E2982CC3E0087A883 /* MainViewController.swift in Sources */ = {isa = PBXBuildFile; fileRef = 3897811C2982CC3E0087A883 /* MainViewController.swift */; };
		3897811F2982CC3E0087A883 /* MainViewController.xib in Resources */ = {isa = PBXBuildFile; fileRef = 3897811D2982CC3E0087A883 /* MainViewController.xib */; };
		3897812A2982D2570087A883 /* MainViewController+TableView.swift in Sources */ = {isa = PBXBuildFile; fileRef = 389781292982D2570087A883 /* MainViewController+TableView.swift */; };
		3897812C2982D6460087A883 /* MainViewModel.swift in Sources */ = {isa = PBXBuildFile; fileRef = 3897812B2982D6460087A883 /* MainViewModel.swift */; };
		3897812E2982D7AD0087A883 /* NewsModel.swift in Sources */ = {isa = PBXBuildFile; fileRef = 3897812D2982D7AD0087A883 /* NewsModel.swift */; };
		389781302982D8160087A883 /* NetworkConstants.swift in Sources */ = {isa = PBXBuildFile; fileRef = 3897812F2982D8160087A883 /* NetworkConstants.swift */; };
		389781322982D92A0087A883 /* ApiCaller.swift in Sources */ = {isa = PBXBuildFile; fileRef = 389781312982D92A0087A883 /* ApiCaller.swift */; };
		389781342982DE8B0087A883 /* ObserVable.swift in Sources */ = {isa = PBXBuildFile; fileRef = 389781332982DE8B0087A883 /* ObserVable.swift */; };
		89356553298372030032E0D8 /* MainTableViewCell.swift in Sources */ = {isa = PBXBuildFile; fileRef = 89356551298372030032E0D8 /* MainTableViewCell.swift */; };
		89356554298372030032E0D8 /* MainTableViewCell.xib in Resources */ = {isa = PBXBuildFile; fileRef = 89356552298372030032E0D8 /* MainTableViewCell.xib */; };
		89356557298376A40032E0D8 /* UiVIewExtension.swift in Sources */ = {isa = PBXBuildFile; fileRef = 89356556298376A40032E0D8 /* UiVIewExtension.swift */; };
/* End PBXBuildFile section */

/* Begin PBXFileReference section */
		389781052982CA8B0087A883 /* The News Explorer.app */ = {isa = PBXFileReference; explicitFileType = wrapper.application; includeInIndex = 0; path = "The News Explorer.app"; sourceTree = BUILT_PRODUCTS_DIR; };
		389781082982CA8B0087A883 /* AppDelegate.swift */ = {isa = PBXFileReference; lastKnownFileType = sourcecode.swift; path = AppDelegate.swift; sourceTree = "<group>"; };
		389781112982CA8C0087A883 /* Assets.xcassets */ = {isa = PBXFileReference; lastKnownFileType = folder.assetcatalog; path = Assets.xcassets; sourceTree = "<group>"; };
		389781142982CA8C0087A883 /* Base */ = {isa = PBXFileReference; lastKnownFileType = file.storyboard; name = Base; path = Base.lproj/LaunchScreen.storyboard; sourceTree = "<group>"; };
		389781162982CA8C0087A883 /* Info.plist */ = {isa = PBXFileReference; lastKnownFileType = text.plist.xml; path = Info.plist; sourceTree = "<group>"; };
		3897811C2982CC3E0087A883 /* MainViewController.swift */ = {isa = PBXFileReference; lastKnownFileType = sourcecode.swift; path = MainViewController.swift; sourceTree = "<group>"; };
		3897811D2982CC3E0087A883 /* MainViewController.xib */ = {isa = PBXFileReference; lastKnownFileType = file.xib; path = MainViewController.xib; sourceTree = "<group>"; };
		389781292982D2570087A883 /* MainViewController+TableView.swift */ = {isa = PBXFileReference; lastKnownFileType = sourcecode.swift; path = "MainViewController+TableView.swift"; sourceTree = "<group>"; };
		3897812B2982D6460087A883 /* MainViewModel.swift */ = {isa = PBXFileReference; lastKnownFileType = sourcecode.swift; path = MainViewModel.swift; sourceTree = "<group>"; };
		3897812D2982D7AD0087A883 /* NewsModel.swift */ = {isa = PBXFileReference; lastKnownFileType = sourcecode.swift; path = NewsModel.swift; sourceTree = "<group>"; };
		3897812F2982D8160087A883 /* NetworkConstants.swift */ = {isa = PBXFileReference; lastKnownFileType = sourcecode.swift; path = NetworkConstants.swift; sourceTree = "<group>"; };
		389781312982D92A0087A883 /* ApiCaller.swift */ = {isa = PBXFileReference; lastKnownFileType = sourcecode.swift; path = ApiCaller.swift; sourceTree = "<group>"; };
		389781332982DE8B0087A883 /* ObserVable.swift */ = {isa = PBXFileReference; lastKnownFileType = sourcecode.swift; path = ObserVable.swift; sourceTree = "<group>"; };
		89356551298372030032E0D8 /* MainTableViewCell.swift */ = {isa = PBXFileReference; lastKnownFileType = sourcecode.swift; path = MainTableViewCell.swift; sourceTree = "<group>"; };
		89356552298372030032E0D8 /* MainTableViewCell.xib */ = {isa = PBXFileReference; lastKnownFileType = file.xib; path = MainTableViewCell.xib; sourceTree = "<group>"; };
		89356556298376A40032E0D8 /* UiVIewExtension.swift */ = {isa = PBXFileReference; lastKnownFileType = sourcecode.swift; path = UiVIewExtension.swift; sourceTree = "<group>"; };
/* End PBXFileReference section */

/* Begin PBXFrameworksBuildPhase section */
		389781022982CA8B0087A883 /* Frameworks */ = {
			isa = PBXFrameworksBuildPhase;
			buildActionMask = 2147483647;
			files = (
			);
			runOnlyForDeploymentPostprocessing = 0;
		};
/* End PBXFrameworksBuildPhase section */

/* Begin PBXGroup section */
		389780FC2982CA8B0087A883 = {
			isa = PBXGroup;
			children = (
				389781072982CA8B0087A883 /* The News Explorer */,
				389781062982CA8B0087A883 /* Products */,
			);
			sourceTree = "<group>";
		};
		389781062982CA8B0087A883 /* Products */ = {
			isa = PBXGroup;
			children = (
				389781052982CA8B0087A883 /* The News Explorer.app */,
			);
			name = Products;
			sourceTree = "<group>";
		};
		389781072982CA8B0087A883 /* The News Explorer */ = {
			isa = PBXGroup;
			children = (
				89356555298376790032E0D8 /* Extensions */,
				389781282982CF3F0087A883 /* Networking */,
				389781262982CF300087A883 /* Resources */,
				389781252982CF1E0087A883 /* Classes */,
				389781232982CF0F0087A883 /* Controller */,
				389781242982CF170087A883 /* Model */,
				389781222982CEFB0087A883 /* ViewModel */,
				389781212982CEDC0087A883 /* View */,
				389781082982CA8B0087A883 /* AppDelegate.swift */,
				389781162982CA8C0087A883 /* Info.plist */,
			);
			path = "The News Explorer";
			sourceTree = "<group>";
		};
		389781202982CC4B0087A883 /* MainViewController */ = {
			isa = PBXGroup;
			children = (
				3897811C2982CC3E0087A883 /* MainViewController.swift */,
				3897811D2982CC3E0087A883 /* MainViewController.xib */,
				389781292982D2570087A883 /* MainViewController+TableView.swift */,
			);
			path = MainViewController;
			sourceTree = "<group>";
		};
		389781212982CEDC0087A883 /* View */ = {
			isa = PBXGroup;
			children = (
				89356550298371C40032E0D8 /* MainArticleCell */,
				389781132982CA8C0087A883 /* LaunchScreen.storyboard */,
			);
			path = View;
			sourceTree = "<group>";
		};
		389781222982CEFB0087A883 /* ViewModel */ = {
			isa = PBXGroup;
			children = (
				3897812B2982D6460087A883 /* MainViewModel.swift */,
			);
			path = ViewModel;
			sourceTree = "<group>";
		};
		389781232982CF0F0087A883 /* Controller */ = {
			isa = PBXGroup;
			children = (
				389781202982CC4B0087A883 /* MainViewController */,
			);
			path = Controller;
			sourceTree = "<group>";
		};
		389781242982CF170087A883 /* Model */ = {
			isa = PBXGroup;
			children = (
				3897812D2982D7AD0087A883 /* NewsModel.swift */,
			);
			path = Model;
			sourceTree = "<group>";
		};
		389781252982CF1E0087A883 /* Classes */ = {
			isa = PBXGroup;
			children = (
				389781332982DE8B0087A883 /* ObserVable.swift */,
			);
			path = Classes;
			sourceTree = "<group>";
		};
		389781262982CF300087A883 /* Resources */ = {
			isa = PBXGroup;
			children = (
				389781112982CA8C0087A883 /* Assets.xcassets */,
			);
			path = Resources;
			sourceTree = "<group>";
		};
		389781282982CF3F0087A883 /* Networking */ = {
			isa = PBXGroup;
			children = (
				3897812F2982D8160087A883 /* NetworkConstants.swift */,
				389781312982D92A0087A883 /* ApiCaller.swift */,
			);
			path = Networking;
			sourceTree = "<group>";
		};
		89356550298371C40032E0D8 /* MainArticleCell */ = {
			isa = PBXGroup;
			children = (
				89356551298372030032E0D8 /* MainTableViewCell.swift */,
				89356552298372030032E0D8 /* MainTableViewCell.xib */,
			);
			path = MainArticleCell;
			sourceTree = "<group>";
		};
		89356555298376790032E0D8 /* Extensions */ = {
			isa = PBXGroup;
			children = (
				89356556298376A40032E0D8 /* UiVIewExtension.swift */,
			);
			path = Extensions;
			sourceTree = "<group>";
		};
/* End PBXGroup section */

/* Begin PBXNativeTarget section */
		389781042982CA8B0087A883 /* The News Explorer */ = {
			isa = PBXNativeTarget;
			buildConfigurationList = 389781192982CA8C0087A883 /* Build configuration list for PBXNativeTarget "The News Explorer" */;
			buildPhases = (
				389781012982CA8B0087A883 /* Sources */,
				389781022982CA8B0087A883 /* Frameworks */,
				389781032982CA8B0087A883 /* Resources */,
			);
			buildRules = (
			);
			dependencies = (
			);
			name = "The News Explorer";
			productName = "The News Explorer";
			productReference = 389781052982CA8B0087A883 /* The News Explorer.app */;
			productType = "com.apple.product-type.application";
		};
/* End PBXNativeTarget section */

/* Begin PBXProject section */
		389780FD2982CA8B0087A883 /* Project object */ = {
			isa = PBXProject;
			attributes = {
				BuildIndependentTargetsInParallel = 1;
				LastSwiftUpdateCheck = 1420;
				LastUpgradeCheck = 1420;
				TargetAttributes = {
					389781042982CA8B0087A883 = {
						CreatedOnToolsVersion = 14.2;
					};
				};
			};
			buildConfigurationList = 389781002982CA8B0087A883 /* Build configuration list for PBXProject "The News Explorer" */;
			compatibilityVersion = "Xcode 14.0";
			developmentRegion = en;
			hasScannedForEncodings = 0;
			knownRegions = (
				en,
				Base,
			);
			mainGroup = 389780FC2982CA8B0087A883;
			productRefGroup = 389781062982CA8B0087A883 /* Products */;
			projectDirPath = "";
			projectRoot = "";
			targets = (
				389781042982CA8B0087A883 /* The News Explorer */,
			);
		};
/* End PBXProject section */

/* Begin PBXResourcesBuildPhase section */
		389781032982CA8B0087A883 /* Resources */ = {
			isa = PBXResourcesBuildPhase;
			buildActionMask = 2147483647;
			files = (
				389781152982CA8C0087A883 /* LaunchScreen.storyboard in Resources */,
				3897811F2982CC3E0087A883 /* MainViewController.xib in Resources */,
				89356554298372030032E0D8 /* MainTableViewCell.xib in Resources */,
				389781122982CA8C0087A883 /* Assets.xcassets in Resources */,
			);
			runOnlyForDeploymentPostprocessing = 0;
		};
/* End PBXResourcesBuildPhase section */

/* Begin PBXSourcesBuildPhase section */
		389781012982CA8B0087A883 /* Sources */ = {
			isa = PBXSourcesBuildPhase;
			buildActionMask = 2147483647;
			files = (
				389781342982DE8B0087A883 /* ObserVable.swift in Sources */,
				89356553298372030032E0D8 /* MainTableViewCell.swift in Sources */,
				89356557298376A40032E0D8 /* UiVIewExtension.swift in Sources */,
				389781302982D8160087A883 /* NetworkConstants.swift in Sources */,
				389781092982CA8B0087A883 /* AppDelegate.swift in Sources */,
				389781322982D92A0087A883 /* ApiCaller.swift in Sources */,
				3897812A2982D2570087A883 /* MainViewController+TableView.swift in Sources */,
				3897811E2982CC3E0087A883 /* MainViewController.swift in Sources */,
				3897812C2982D6460087A883 /* MainViewModel.swift in Sources */,
				3897812E2982D7AD0087A883 /* NewsModel.swift in Sources */,
			);
			runOnlyForDeploymentPostprocessing = 0;
		};
/* End PBXSourcesBuildPhase section */

/* Begin PBXVariantGroup section */
		389781132982CA8C0087A883 /* LaunchScreen.storyboard */ = {
			isa = PBXVariantGroup;
			children = (
				389781142982CA8C0087A883 /* Base */,
			);
			name = LaunchScreen.storyboard;
			sourceTree = "<group>";
		};
/* End PBXVariantGroup section */

/* Begin XCBuildConfiguration section */
		389781172982CA8C0087A883 /* Debug */ = {
			isa = XCBuildConfiguration;
			buildSettings = {
				ALWAYS_SEARCH_USER_PATHS = NO;
				CLANG_ANALYZER_NONNULL = YES;
				CLANG_ANALYZER_NUMBER_OBJECT_CONVERSION = YES_AGGRESSIVE;
				CLANG_CXX_LANGUAGE_STANDARD = "gnu++20";
				CLANG_ENABLE_MODULES = YES;
				CLANG_ENABLE_OBJC_ARC = YES;
				CLANG_ENABLE_OBJC_WEAK = YES;
				CLANG_WARN_BLOCK_CAPTURE_AUTORELEASING = YES;
				CLANG_WARN_BOOL_CONVERSION = YES;
				CLANG_WARN_COMMA = YES;
				CLANG_WARN_CONSTANT_CONVERSION = YES;
				CLANG_WARN_DEPRECATED_OBJC_IMPLEMENTATIONS = YES;
				CLANG_WARN_DIRECT_OBJC_ISA_USAGE = YES_ERROR;
				CLANG_WARN_DOCUMENTATION_COMMENTS = YES;
				CLANG_WARN_EMPTY_BODY = YES;
				CLANG_WARN_ENUM_CONVERSION = YES;
				CLANG_WARN_INFINITE_RECURSION = YES;
				CLANG_WARN_INT_CONVERSION = YES;
				CLANG_WARN_NON_LITERAL_NULL_CONVERSION = YES;
				CLANG_WARN_OBJC_IMPLICIT_RETAIN_SELF = YES;
				CLANG_WARN_OBJC_LITERAL_CONVERSION = YES;
				CLANG_WARN_OBJC_ROOT_CLASS = YES_ERROR;
				CLANG_WARN_QUOTED_INCLUDE_IN_FRAMEWORK_HEADER = YES;
				CLANG_WARN_RANGE_LOOP_ANALYSIS = YES;
				CLANG_WARN_STRICT_PROTOTYPES = YES;
				CLANG_WARN_SUSPICIOUS_MOVE = YES;
				CLANG_WARN_UNGUARDED_AVAILABILITY = YES_AGGRESSIVE;
				CLANG_WARN_UNREACHABLE_CODE = YES;
				CLANG_WARN__DUPLICATE_METHOD_MATCH = YES;
				COPY_PHASE_STRIP = NO;
				DEBUG_INFORMATION_FORMAT = dwarf;
				ENABLE_STRICT_OBJC_MSGSEND = YES;
				ENABLE_TESTABILITY = YES;
				GCC_C_LANGUAGE_STANDARD = gnu11;
				GCC_DYNAMIC_NO_PIC = NO;
				GCC_NO_COMMON_BLOCKS = YES;
				GCC_OPTIMIZATION_LEVEL = 0;
				GCC_PREPROCESSOR_DEFINITIONS = (
					"DEBUG=1",
					"$(inherited)",
				);
				GCC_WARN_64_TO_32_BIT_CONVERSION = YES;
				GCC_WARN_ABOUT_RETURN_TYPE = YES_ERROR;
				GCC_WARN_UNDECLARED_SELECTOR = YES;
				GCC_WARN_UNINITIALIZED_AUTOS = YES_AGGRESSIVE;
				GCC_WARN_UNUSED_FUNCTION = YES;
				GCC_WARN_UNUSED_VARIABLE = YES;
				IPHONEOS_DEPLOYMENT_TARGET = 16.2;
				MTL_ENABLE_DEBUG_INFO = INCLUDE_SOURCE;
				MTL_FAST_MATH = YES;
				ONLY_ACTIVE_ARCH = YES;
				SDKROOT = iphoneos;
				SWIFT_ACTIVE_COMPILATION_CONDITIONS = DEBUG;
				SWIFT_OPTIMIZATION_LEVEL = "-Onone";
			};
			name = Debug;
		};
		389781182982CA8C0087A883 /* Release */ = {
			isa = XCBuildConfiguration;
			buildSettings = {
				ALWAYS_SEARCH_USER_PATHS = NO;
				CLANG_ANALYZER_NONNULL = YES;
				CLANG_ANALYZER_NUMBER_OBJECT_CONVERSION = YES_AGGRESSIVE;
				CLANG_CXX_LANGUAGE_STANDARD = "gnu++20";
				CLANG_ENABLE_MODULES = YES;
				CLANG_ENABLE_OBJC_ARC = YES;
				CLANG_ENABLE_OBJC_WEAK = YES;
				CLANG_WARN_BLOCK_CAPTURE_AUTORELEASING = YES;
				CLANG_WARN_BOOL_CONVERSION = YES;
				CLANG_WARN_COMMA = YES;
				CLANG_WARN_CONSTANT_CONVERSION = YES;
				CLANG_WARN_DEPRECATED_OBJC_IMPLEMENTATIONS = YES;
				CLANG_WARN_DIRECT_OBJC_ISA_USAGE = YES_ERROR;
				CLANG_WARN_DOCUMENTATION_COMMENTS = YES;
				CLANG_WARN_EMPTY_BODY = YES;
				CLANG_WARN_ENUM_CONVERSION = YES;
				CLANG_WARN_INFINITE_RECURSION = YES;
				CLANG_WARN_INT_CONVERSION = YES;
				CLANG_WARN_NON_LITERAL_NULL_CONVERSION = YES;
				CLANG_WARN_OBJC_IMPLICIT_RETAIN_SELF = YES;
				CLANG_WARN_OBJC_LITERAL_CONVERSION = YES;
				CLANG_WARN_OBJC_ROOT_CLASS = YES_ERROR;
				CLANG_WARN_QUOTED_INCLUDE_IN_FRAMEWORK_HEADER = YES;
				CLANG_WARN_RANGE_LOOP_ANALYSIS = YES;
				CLANG_WARN_STRICT_PROTOTYPES = YES;
				CLANG_WARN_SUSPICIOUS_MOVE = YES;
				CLANG_WARN_UNGUARDED_AVAILABILITY = YES_AGGRESSIVE;
				CLANG_WARN_UNREACHABLE_CODE = YES;
				CLANG_WARN__DUPLICATE_METHOD_MATCH = YES;
				COPY_PHASE_STRIP = NO;
				DEBUG_INFORMATION_FORMAT = "dwarf-with-dsym";
				ENABLE_NS_ASSERTIONS = NO;
				ENABLE_STRICT_OBJC_MSGSEND = YES;
				GCC_C_LANGUAGE_STANDARD = gnu11;
				GCC_NO_COMMON_BLOCKS = YES;
				GCC_WARN_64_TO_32_BIT_CONVERSION = YES;
				GCC_WARN_ABOUT_RETURN_TYPE = YES_ERROR;
				GCC_WARN_UNDECLARED_SELECTOR = YES;
				GCC_WARN_UNINITIALIZED_AUTOS = YES_AGGRESSIVE;
				GCC_WARN_UNUSED_FUNCTION = YES;
				GCC_WARN_UNUSED_VARIABLE = YES;
				IPHONEOS_DEPLOYMENT_TARGET = 16.2;
				MTL_ENABLE_DEBUG_INFO = NO;
				MTL_FAST_MATH = YES;
				SDKROOT = iphoneos;
				SWIFT_COMPILATION_MODE = wholemodule;
				SWIFT_OPTIMIZATION_LEVEL = "-O";
				VALIDATE_PRODUCT = YES;
			};
			name = Release;
		};
		3897811A2982CA8C0087A883 /* Debug */ = {
			isa = XCBuildConfiguration;
			buildSettings = {
				ASSETCATALOG_COMPILER_APPICON_NAME = AppIcon;
				ASSETCATALOG_COMPILER_GLOBAL_ACCENT_COLOR_NAME = AccentColor;
				CODE_SIGN_STYLE = Automatic;
				CURRENT_PROJECT_VERSION = 1;
				DEVELOPMENT_TEAM = KYZD9ZD78S;
				GENERATE_INFOPLIST_FILE = YES;
				INFOPLIST_FILE = "The News Explorer/Info.plist";
				INFOPLIST_KEY_CFBundleDisplayName = "The News Explorer";
				INFOPLIST_KEY_UIApplicationSupportsIndirectInputEvents = YES;
				INFOPLIST_KEY_UILaunchStoryboardName = LaunchScreen;
				INFOPLIST_KEY_UIMainStoryboardFile = "";
				INFOPLIST_KEY_UISupportedInterfaceOrientations = UIInterfaceOrientationPortrait;
				INFOPLIST_KEY_UISupportedInterfaceOrientations_iPad = "UIInterfaceOrientationLandscapeLeft UIInterfaceOrientationLandscapeRight UIInterfaceOrientationPortrait UIInterfaceOrientationPortraitUpsideDown";
				LD_RUNPATH_SEARCH_PATHS = (
					"$(inherited)",
					"@executable_path/Frameworks",
				);
				MARKETING_VERSION = 1.0;
				PRODUCT_BUNDLE_IDENTIFIER = "com.yeasirarefin.The-News-Explorer";
				PRODUCT_NAME = "$(TARGET_NAME)";
				SUPPORTED_PLATFORMS = "iphoneos iphonesimulator";
				SUPPORTS_MACCATALYST = NO;
				SUPPORTS_MAC_DESIGNED_FOR_IPHONE_IPAD = NO;
				SWIFT_EMIT_LOC_STRINGS = YES;
				SWIFT_VERSION = 5.0;
				TARGETED_DEVICE_FAMILY = 1;
			};
			name = Debug;
		};
		3897811B2982CA8C0087A883 /* Release */ = {
			isa = XCBuildConfiguration;
			buildSettings = {
				ASSETCATALOG_COMPILER_APPICON_NAME = AppIcon;
				ASSETCATALOG_COMPILER_GLOBAL_ACCENT_COLOR_NAME = AccentColor;
				CODE_SIGN_STYLE = Automatic;
				CURRENT_PROJECT_VERSION = 1;
				DEVELOPMENT_TEAM = KYZD9ZD78S;
				GENERATE_INFOPLIST_FILE = YES;
				INFOPLIST_FILE = "The News Explorer/Info.plist";
				INFOPLIST_KEY_CFBundleDisplayName = "The News Explorer";
				INFOPLIST_KEY_UIApplicationSupportsIndirectInputEvents = YES;
				INFOPLIST_KEY_UILaunchStoryboardName = LaunchScreen;
				INFOPLIST_KEY_UIMainStoryboardFile = "";
				INFOPLIST_KEY_UISupportedInterfaceOrientations = UIInterfaceOrientationPortrait;
				INFOPLIST_KEY_UISupportedInterfaceOrientations_iPad = "UIInterfaceOrientationLandscapeLeft UIInterfaceOrientationLandscapeRight UIInterfaceOrientationPortrait UIInterfaceOrientationPortraitUpsideDown";
				LD_RUNPATH_SEARCH_PATHS = (
					"$(inherited)",
					"@executable_path/Frameworks",
				);
				MARKETING_VERSION = 1.0;
				PRODUCT_BUNDLE_IDENTIFIER = "com.yeasirarefin.The-News-Explorer";
				PRODUCT_NAME = "$(TARGET_NAME)";
				SUPPORTED_PLATFORMS = "iphoneos iphonesimulator";
				SUPPORTS_MACCATALYST = NO;
				SUPPORTS_MAC_DESIGNED_FOR_IPHONE_IPAD = NO;
				SWIFT_EMIT_LOC_STRINGS = YES;
				SWIFT_VERSION = 5.0;
				TARGETED_DEVICE_FAMILY = 1;
			};
			name = Release;
		};
/* End XCBuildConfiguration section */

/* Begin XCConfigurationList section */
		389781002982CA8B0087A883 /* Build configuration list for PBXProject "The News Explorer" */ = {
			isa = XCConfigurationList;
			buildConfigurations = (
				389781172982CA8C0087A883 /* Debug */,
				389781182982CA8C0087A883 /* Release */,
			);
			defaultConfigurationIsVisible = 0;
			defaultConfigurationName = Release;
		};
		389781192982CA8C0087A883 /* Build configuration list for PBXNativeTarget "The News Explorer" */ = {
			isa = XCConfigurationList;
			buildConfigurations = (
				3897811A2982CA8C0087A883 /* Debug */,
				3897811B2982CA8C0087A883 /* Release */,
			);
			defaultConfigurationIsVisible = 0;
			defaultConfigurationName = Release;
		};
/* End XCConfigurationList section */
	};
	rootObject = 389780FD2982CA8B0087A883 /* Project object */;
}
